
Microsoft Visual Studio Solution File, Format Version 12.00
# Visual Studio 15
VisualStudioVersion = 15.0.26730.12
MinimumVisualStudioVersion = 10.0.40219.1
Project("{F184B08F-C81C-45F6-A57F-5ABD9991F28F}") = "Cafe_System", "Cafe_System\Cafe_System.vbproj", "{C930E168-9B46-4BF5-8C96-ADAFFF10D92E}"
EndProject
Global
	GlobalSection(SolutionConfigurationPlatforms) = preSolution
		Debug|Any CPU = Debug|Any CPU
		Release|Any CPU = Release|Any CPU
	EndGlobalSection
	GlobalSection(ProjectConfigurationPlatforms) = postSolution
		{C930E168-9B46-4BF5-8C96-ADAFFF10D92E}.Debug|Any CPU.ActiveCfg = Debug|Any CPU
		{C930E168-9B46-4BF5-8C96-ADAFFF10D92E}.Debug|Any CPU.Build.0 = Debug|Any CPU
		{C930E168-9B46-4BF5-8C96-ADAFFF10D92E}.Release|Any CPU.ActiveCfg = Release|Any CPU
		{C930E168-9B46-4BF5-8C96-ADAFFF10D92E}.Release|Any CPU.Build.0 = Release|Any CPU
	EndGlobalSection
	GlobalSection(SolutionProperties) = preSolution
		HideSolutionNode = FALSE
	EndGlobalSection
	GlobalSection(ExtensibilityGlobals) = postSolution
		SolutionGuid = {2685DC60-48EF-410A-BF17-438879E42693}
	EndGlobalSection
	GlobalSection(TeamFoundationVersionControl) = preSolution
		SccNumberOfProjects = 2
		SccEnterpriseProvider = {4CA58AB2-18FA-4F8D-95D4-32DDF27D184C}
		SccTeamFoundationServer = https://yiukamsum.visualstudio.com/
		SccLocalPath0 = .
		SccProjectUniqueName1 = Cafe_System\\Cafe_System.vbproj
		SccProjectName1 = Cafe_System
		SccLocalPath1 = Cafe_System
	EndGlobalSection
EndGlobal
